PackratFormat: 1.4
PackratVersion: 0.5.0
RVersion: 3.4.4
Repos: CRAN=https://cran.rstudio.com/

Package: BH
Source: CRAN
Version: 1.66.0-1
Hash: 4cc8883584b955ed01f38f68bc03af6d

Package: MASS
Source: CRAN
Version: 7.3-51.1
Hash: af8e6922880d7f071829628198cc3f13

Package: Matrix
Source: CRAN
Version: 1.2-15
Hash: d1bdb46e08828615f3182e2e0375f86a
Requires: lattice

Package: MatrixModels
Source: CRAN
Version: 0.4-1
Hash: 60a5c75e57aae4a0ce76cb7422939aaf
Requires: Matrix

Package: R6
Source: CRAN
Version: 2.3.0
Hash: 8eccabbf292b5aba632985cde6406fc3

Package: RColorBrewer
Source: CRAN
Version: 1.1-2
Hash: c0d56cd15034f395874c870141870c25

Package: Rcpp
Source: CRAN
Version: 1.0.0
Hash: c7273c0f0bc9f5e41f4c52a8cf571f0f

Package: RcppEigen
Source: CRAN
Version: 0.3.3.5.0
Hash: de01edcbabf4da130ba2b91d9fd3d11c
Requires: Matrix, Rcpp

Package: SparseM
Source: CRAN
Version: 1.77
Hash: 08f1f60e1038957030bcd9f4a58d22d8

Package: abind
Source: CRAN
Version: 1.4-5
Hash: 1ceb86ef5ebe776ed4753ab6165eb6d7

Package: assertthat
Source: CRAN
Version: 0.2.0
Hash: e8805df54c65ac96d50235c44a82615c

Package: backports
Source: CRAN
Version: 1.1.2
Hash: 5ae7b3466e529e4400951ca18c137e40

Package: base64enc
Source: CRAN
Version: 0.1-3
Hash: c590d29e555926af053055e23ee79efb

Package: bindr
Source: CRAN
Version: 0.1.1
Hash: 76578c5f543a6ecbc1365d6445f9ebf7

Package: bindrcpp
Source: CRAN
Version: 0.2.2
Hash: 8ce499301f0dc5c7ff69f0b42e33f5c1
Requires: Rcpp, bindr, plogr

Package: bitops
Source: CRAN
Version: 1.0-6
Hash: 67d0775189fd0041d95abca618c5c07e

Package: boot
Source: CRAN
Version: 1.3-20
Hash: 1d661b615b3f5c3f7d0ea02fcf658c02

Package: caTools
Source: CRAN
Version: 1.17.1.1
Hash: 1764f9cb70825aa7a1c461e7514ffb73
Requires: bitops

Package: car
Source: CRAN
Version: 3.0-2
Hash: f93fcd061eecd3bad97049a49fdba438
Requires: MASS, abind, carData, lme4, maptools, mgcv, nlme, nnet,
    pbkrtest, quantreg, rio

Package: carData
Source: CRAN
Version: 3.0-2
Hash: 3935ea9c3087065709ae59441e8466e6

Package: cellranger
Source: CRAN
Version: 1.1.0
Hash: 4e1ef4d099b0c5fd531a3938cf4624bd
Requires: rematch, tibble

Package: cli
Source: CRAN
Version: 1.0.1
Hash: a742a3229dbf7085c3a737af10e5065b
Requires: assertthat, crayon

Package: clipr
Source: CRAN
Version: 0.4.1
Hash: caf20ae357bfa2ed50e0e7db267f69ce

Package: colorspace
Source: CRAN
Version: 1.3-2
Hash: 0bf8618b585fa98eb23414cd3ab95118

Package: cowplot
Source: CRAN
Version: 0.9.3
Hash: c9b93ad25628bdaf66e7a53b4ebe5510
Requires: ggplot2, gtable, plyr, scales

Package: crayon
Source: CRAN
Version: 1.3.4
Hash: ff2840dd9b0d563fc80377a5a45510cd

Package: curl
Source: CRAN
Version: 3.2
Hash: e3318ec2d42d15a38485bab047d114ba

Package: data.table
Source: CRAN
Version: 1.11.8
Hash: 67c877937c790a0cadb71284febb6b34

Package: dichromat
Source: CRAN
Version: 2.0-0
Hash: 08eed0c80510af29bb15f840ccfe37ce

Package: digest
Source: CRAN
Version: 0.6.18
Hash: 65f62365ec69ddd17230d2ffe891a6ab

Package: dplyr
Source: CRAN
Version: 0.7.8
Hash: d6e576944199cba782a471015a822848
Requires: BH, R6, Rcpp, assertthat, bindrcpp, glue, magrittr,
    pkgconfig, plogr, rlang, tibble, tidyselect

Package: evaluate
Source: CRAN
Version: 0.12
Hash: c32505adba4f6eca5aa20dd32300b019

Package: fansi
Source: CRAN
Version: 0.4.0
Hash: f147621f72b561485bfffcae78c4f5d5

Package: forcats
Source: CRAN
Version: 0.3.0
Hash: 770f3834b97a2c429bdecb7a5f27eb25
Requires: magrittr, rlang, tibble

Package: foreign
Source: CRAN
Version: 0.8-71
Hash: ab59ff4cad00d4621acb535dae2c6410

Package: ggplot2
Source: CRAN
Version: 3.1.0
Hash: ef541b05dda10b209d509b5bbaf46ea3
Requires: MASS, digest, gtable, lazyeval, mgcv, plyr, reshape2, rlang,
    scales, tibble, viridisLite, withr

Package: ggpubr
Source: CRAN
Version: 0.2
Hash: 4ef1d8f1726ecb694a0ee830f11dd92b
Requires: cowplot, dplyr, ggplot2, ggrepel, ggsci, ggsignif, glue,
    gridExtra, magrittr, polynom, purrr, scales, tidyr

Package: ggrepel
Source: CRAN
Version: 0.8.0
Hash: 20096a5e9c34eaf14728206fb326f8d9
Requires: Rcpp, ggplot2, scales

Package: ggsci
Source: CRAN
Version: 2.9
Hash: d8f7c2bc9631710ee2008fa5b5ff2c80
Requires: ggplot2, scales

Package: ggsignif
Source: CRAN
Version: 0.4.0
Hash: cc1fbfa133e09c7f6bcbe85ba5fd5f81
Requires: ggplot2

Package: glue
Source: CRAN
Version: 1.3.0
Hash: 1fbde6dec830370be696eee8ef31c9e4

Package: gridExtra
Source: CRAN
Version: 2.3
Hash: fa977bc1aab5588a08123b10ceb1ad3d
Requires: gtable

Package: gtable
Source: CRAN
Version: 0.2.0
Hash: cd78381a9d3fea966ac39bd0daaf5554

Package: haven
Source: CRAN
Version: 2.0.0
Hash: 3180a95083d9ef6da3fafc38e0519e2f
Requires: Rcpp, forcats, hms, readr, tibble

Package: highr
Source: CRAN
Version: 0.7
Hash: 20757f5c393ed0ecf96c9e8e6d8d514c

Package: hms
Source: CRAN
Version: 0.4.2
Hash: b4096a4f6a6736138e9a825c2baaacf0
Requires: pkgconfig, rlang

Package: htmltools
Source: CRAN
Version: 0.3.6
Hash: 9707abea0a9b7406e98fb1242e97e1f6
Requires: Rcpp, digest

Package: jsonlite
Source: CRAN
Version: 1.5
Hash: 9c51936d8dd00b2f1d4fe9d10499694c

Package: knitr
Source: CRAN
Version: 1.20
Hash: 9c6b215d1d02b97586c8232e94533e6a
Requires: evaluate, highr, markdown, stringr, yaml

Package: labeling
Source: CRAN
Version: 0.3
Hash: ecf589b42cd284b03a4beb9665482d3e

Package: lattice
Source: CRAN
Version: 0.20-38
Hash: 8e57af1ae6fb8d8e4978d686e0116a3a

Package: lazyeval
Source: CRAN
Version: 0.2.1
Hash: 88926ad9c43581fd0822a37c8ed09f05

Package: lme4
Source: CRAN
Version: 1.1-19
Hash: 362619ada99d7703327f839d0bdecfa3
Requires: MASS, Matrix, Rcpp, RcppEigen, lattice, minqa, nlme, nloptr

Package: magrittr
Source: CRAN
Version: 1.5
Hash: bdc4d48c3135e8f3b399536ddf160df4

Package: maptools
Source: CRAN
Version: 0.9-4
Hash: 15ee62fdc3cd19c580450b795bcc962c
Requires: foreign, lattice, sp

Package: markdown
Source: CRAN
Version: 0.8
Hash: 045d7c594d503b41f1c28946d076c8aa
Requires: mime

Package: mgcv
Source: CRAN
Version: 1.8-26
Hash: e02928c5c84951987f5c0d55079e6576
Requires: Matrix, nlme

Package: mime
Source: CRAN
Version: 0.6
Hash: 2ed8f98b8284ad733f3907fc6e2f1334

Package: minqa
Source: CRAN
Version: 1.2.4
Hash: c0d56ab1da2998648b8e9cc3c5f5e54b
Requires: Rcpp

Package: munsell
Source: CRAN
Version: 0.5.0
Hash: 247d1c1d72f3072563912ef860758624
Requires: colorspace

Package: nlme
Source: CRAN
Version: 3.1-137
Hash: 6166071071587a867cbe534e84fc5c0c
Requires: lattice

Package: nloptr
Source: CRAN
Version: 1.2.1
Hash: c2b0475b9a177d3331957e366a7059a0

Package: nnet
Source: CRAN
Version: 7.3-12
Hash: 42c83a1f063b40fd8bb6ad68ed528aa5

Package: openxlsx
Source: CRAN
Version: 4.1.0
Hash: de70ff4f3071ae5638c293a0f67fcf83
Requires: Rcpp, zip

Package: packrat
Source: CRAN
Version: 0.5.0
Hash: 498643e765d1442ba7b1160a1df3abf9

Package: pbkrtest
Source: CRAN
Version: 0.4-7
Hash: f195c3a0f527f69c491569c5cbaaf1db
Requires: MASS, Matrix, lme4

Package: pillar
Source: CRAN
Version: 1.3.0
Hash: 3e43f774fa6dfba877caca1aebbeaa6a
Requires: cli, crayon, fansi, rlang, utf8

Package: pkgconfig
Source: CRAN
Version: 2.0.2
Hash: b0fd6ed908e150b77e5f00c6478bd58c

Package: plogr
Source: CRAN
Version: 0.2.0
Hash: 81a8008a5e7858552503935f1abe48aa

Package: plyr
Source: CRAN
Version: 1.8.4
Hash: 1ca393a9f51341b8fa034f743adf1f53
Requires: Rcpp

Package: polynom
Source: CRAN
Version: 1.3-9
Hash: b9cf935db3bd5cd4cc9799eba7c58b49

Package: purrr
Source: CRAN
Version: 0.2.5
Hash: 8b0c16db10c7e20b70cd37779a673a8b
Requires: magrittr, rlang, tibble

Package: quantreg
Source: CRAN
Version: 5.36
Hash: 0b327472af99c024cb44ccf7c36668d4
Requires: Matrix, MatrixModels, SparseM

Package: readr
Source: CRAN
Version: 1.2.1
Hash: 1c8dcfbd0e586914220de230beb68013
Requires: BH, R6, Rcpp, clipr, hms, tibble

Package: readxl
Source: CRAN
Version: 1.1.0
Hash: 7d5587412bb9b5a34f5723f3a837924d
Requires: Rcpp, cellranger, tibble

Package: rematch
Source: CRAN
Version: 1.0.1
Hash: ad4faf59e7611117ff165817074c50c7

Package: reshape2
Source: CRAN
Version: 1.4.3
Hash: c950c8ac85b81209635acb3ce21b4cce
Requires: Rcpp, plyr, stringr

Package: rio
Source: CRAN
Version: 0.5.16
Hash: 2f4c960bbac0fc50cf19f5aebf42d82c
Requires: curl, data.table, foreign, haven, openxlsx, readxl, tibble

Package: rlang
Source: CRAN
Version: 0.3.0.1
Hash: 35fb7a51d5d756c56f793ed9c381fb84

Package: rmarkdown
Source: CRAN
Version: 1.10
Hash: 02f1aac33000c63986c6b5585e36e7ae
Requires: base64enc, evaluate, htmltools, jsonlite, knitr, mime,
    rprojroot, stringr, tinytex, yaml

Package: rprojroot
Source: CRAN
Version: 1.3-2
Hash: a25c3f70c166fb3fbabc410eb32b6366
Requires: backports

Package: scales
Source: CRAN
Version: 1.0.0
Hash: 7d9b717abcec656ae7c5c982d72b75e5
Requires: R6, RColorBrewer, Rcpp, labeling, munsell, viridisLite

Package: sp
Source: CRAN
Version: 1.3-1
Hash: 01decf1327caff54d7822434d07fa959
Requires: lattice

Package: stringi
Source: CRAN
Version: 1.2.4
Hash: 03ab60ef7fa4627b38ad67c95ce6b04c

Package: stringr
Source: CRAN
Version: 1.3.1
Hash: 9f417a1d899ed1f080942ab36998e8b5
Requires: glue, magrittr, stringi

Package: tibble
Source: CRAN
Version: 1.4.2
Hash: 83895360ce4f8d2ce92eee00526b5b0b
Requires: cli, crayon, pillar, rlang

Package: tidyr
Source: CRAN
Version: 0.8.2
Hash: 9ff92b9b3c11dfcd94d179b75b85c668
Requires: Rcpp, dplyr, glue, magrittr, purrr, rlang, stringi, tibble,
    tidyselect

Package: tidyselect
Source: CRAN
Version: 0.2.5
Hash: fad1cf10c5c4996fca6ca68e0716d2e6
Requires: Rcpp, glue, purrr, rlang

Package: tinytex
Source: CRAN
Version: 0.9
Hash: a4ffe98c58eace5a95644d8fd6ca5a50
Requires: xfun

Package: utf8
Source: CRAN
Version: 1.1.4
Hash: f3f97ce59092abc8ed3fd098a59e236c

Package: viridisLite
Source: CRAN
Version: 0.3.0
Hash: 78bb072c4f9e729a283d4c40ec93f9c6

Package: withr
Source: CRAN
Version: 2.1.2
Hash: d534108bcd5f34ec73e9eb523751ba20

Package: xfun
Source: CRAN
Version: 0.4
Hash: 76004125b45195c0330ec71904849995

Package: yaml
Source: CRAN
Version: 2.2.0
Hash: a5ad5616d83d89f8d84cbf3cf4034e13

Package: zip
Source: CRAN
Version: 1.0.0
Hash: eeef8cf88fb0a89636fe26c134eaef32
